
Microsoft Visual Studio Solution File, Format Version 12.00
# Visual Studio Version 17
VisualStudioVersion = 17.10.34928.147
MinimumVisualStudioVersion = 10.0.40219.1
Project("{FAE04EC0-301F-11D3-BF4B-00C04F79EFBC}") = "Eleve-Elas-Modulo1", "Eleve-Elas-Modulo1.csproj", "{C996145E-6340-49FC-874C-C66D7983ECDE}"
EndProject
Project("{FAE04EC0-301F-11D3-BF4B-00C04F79EFBC}") = "Aula-15-05", "..\Aula-15-05\Aula-15-05.csproj", "{04F25590-98F2-44A4-A4A4-10CBD6D002CE}"
EndProject
Project("{FAE04EC0-301F-11D3-BF4B-00C04F79EFBC}") = "Aula-10-05", "..\Aula-10-05\Aula-10-05.csproj", "{D6A4426F-8096-4E3D-B265-6A0767054646}"
EndProject
Project("{FAE04EC0-301F-11D3-BF4B-00C04F79EFBC}") = "Aula-17-05", "..\Aula-17-05\Aula-17-05.csproj", "{6B001558-DE51-4E86-BE28-CC041BF3A204}"
EndProject
Global
	GlobalSection(SolutionConfigurationPlatforms) = preSolution
		Debug|Any CPU = Debug|Any CPU
		Release|Any CPU = Release|Any CPU
	EndGlobalSection
	GlobalSection(ProjectConfigurationPlatforms) = postSolution
		{C996145E-6340-49FC-874C-C66D7983ECDE}.Debug|Any CPU.ActiveCfg = Debug|Any CPU
		{C996145E-6340-49FC-874C-C66D7983ECDE}.Debug|Any CPU.Build.0 = Debug|Any CPU
		{C996145E-6340-49FC-874C-C66D7983ECDE}.Release|Any CPU.ActiveCfg = Release|Any CPU
		{C996145E-6340-49FC-874C-C66D7983ECDE}.Release|Any CPU.Build.0 = Release|Any CPU
		{04F25590-98F2-44A4-A4A4-10CBD6D002CE}.Debug|Any CPU.ActiveCfg = Debug|Any CPU
		{04F25590-98F2-44A4-A4A4-10CBD6D002CE}.Debug|Any CPU.Build.0 = Debug|Any CPU
		{04F25590-98F2-44A4-A4A4-10CBD6D002CE}.Release|Any CPU.ActiveCfg = Release|Any CPU
		{04F25590-98F2-44A4-A4A4-10CBD6D002CE}.Release|Any CPU.Build.0 = Release|Any CPU
		{D6A4426F-8096-4E3D-B265-6A0767054646}.Debug|Any CPU.ActiveCfg = Debug|Any CPU
		{D6A4426F-8096-4E3D-B265-6A0767054646}.Debug|Any CPU.Build.0 = Debug|Any CPU
		{D6A4426F-8096-4E3D-B265-6A0767054646}.Release|Any CPU.ActiveCfg = Release|Any CPU
		{D6A4426F-8096-4E3D-B265-6A0767054646}.Release|Any CPU.Build.0 = Release|Any CPU
		{6B001558-DE51-4E86-BE28-CC041BF3A204}.Debug|Any CPU.ActiveCfg = Debug|Any CPU
		{6B001558-DE51-4E86-BE28-CC041BF3A204}.Debug|Any CPU.Build.0 = Debug|Any CPU
		{6B001558-DE51-4E86-BE28-CC041BF3A204}.Release|Any CPU.ActiveCfg = Release|Any CPU
		{6B001558-DE51-4E86-BE28-CC041BF3A204}.Release|Any CPU.Build.0 = Release|Any CPU
	EndGlobalSection
	GlobalSection(SolutionProperties) = preSolution
		HideSolutionNode = FALSE
	EndGlobalSection
	GlobalSection(ExtensibilityGlobals) = postSolution
		SolutionGuid = {3F05BD17-FC91-4103-9E5C-DD968BF34B15}
	EndGlobalSection
EndGlobal
